<?xml version="1.0" encoding="utf-8"?>
<Project ToolsVersion="4.0" xmlns="http://schemas.microsoft.com/developer/msbuild/2003">
  <ItemGroup>
    <Filter Include="Source Files">
      <UniqueIdentifier>{4FC737F1-C7A5-4376-A066-2A32D752A2FF}</UniqueIdentifier>
      <Extensions>cpp;c;cc;cxx;def;odl;idl;hpj;bat;asm;asmx</Extensions>
    </Filter>
    <Filter Include="Header Files">
      <UniqueIdentifier>{93995380-89BD-4b04-88EB-625FBE52EBFB}</UniqueIdentifier>
      <Extensions>h;hh;hpp;hxx;hm;inl;inc;xsd</Extensions>
    </Filter>
    <Filter Include="Resource Files">
      <UniqueIdentifier>{67DA6AB6-F800-4c08-8B7A-83BB121AAD01}</UniqueIdentifier>
      <Extensions>rc;ico;cur;bmp;dlg;rc2;rct;bin;rgs;gif;jpg;jpeg;jpe;resx;tiff;tif;png;wav</Extensions>
    </Filter>
  </ItemGroup>
  <ItemGroup>
    <ClCompile Include="Base64.cpp">
      <Filter>Source Files</Filter>
    </ClCompile>
    <ClCompile Include="Cache.cpp">
      <Filter>Source Files</Filter>
    </ClCompile>
    <ClCompile Include="Cookie.cpp">
      <Filter>Source Files</Filter>
    </ClCompile>
    <ClCompile Include="CurlWrapper.cpp">
      <Filter>Source Files</Filter>
    </ClCompile>
    <ClCompile Include="CustomRequestAttributes.cpp">
      <Filter>Source Files</Filter>
    </ClCompile>
    <ClCompile Include="Event.cpp">
      <Filter>Source Files</Filter>
    </ClCompile>
    <ClCompile Include="File.cpp">
      <Filter>Source Files</Filter>
    </ClCompile>
    <ClCompile Include="FileInfo.cpp">
      <Filter>Source Files</Filter>
    </ClCompile>
    <ClCompile Include="GatewayRequest.cpp">
      <Filter>Source Files</Filter>
    </ClCompile>
    <ClCompile Include="GatewayResponse.cpp">
      <Filter>Source Files</Filter>
    </ClCompile>
    <ClCompile Include="IdfcFilter.cpp">
      <Filter>Source Files</Filter>
    </ClCompile>
    <ClCompile Include="IdfcFiltersPool.cpp">
      <Filter>Source Files</Filter>
    </ClCompile>
    <ClCompile Include="IgnorePattern.cpp">
      <Filter>Source Files</Filter>
    </ClCompile>
    <ClCompile Include="JavaUtils.cpp">
      <Filter>Source Files</Filter>
    </ClCompile>
    <ClCompile Include="mod_idfc.cpp">
      <Filter>Source Files</Filter>
    </ClCompile>
    <ClCompile Include="QueryString.cpp">
      <Filter>Source Files</Filter>
    </ClCompile>
    <ClCompile Include="RandomSequence.cpp">
      <Filter>Source Files</Filter>
    </ClCompile>
    <ClCompile Include="RequestParameters.cpp">
      <Filter>Source Files</Filter>
    </ClCompile>
    <ClCompile Include="StringProcessor.cpp">
      <Filter>Source Files</Filter>
    </ClCompile>
    <ClCompile Include="TypesConverter.cpp">
      <Filter>Source Files</Filter>
    </ClCompile>
    <ClCompile Include="cryptography\Cryptor.cpp">
      <Filter>Source Files</Filter>
    </ClCompile>
    <ClCompile Include="cryptography\HMAC_SHA1.cpp">
      <Filter>Source Files</Filter>
    </ClCompile>
    <ClCompile Include="cryptography\SHA1.cpp">
      <Filter>Source Files</Filter>
    </ClCompile>
    <ClCompile Include="NetworkInfo.cpp">
      <Filter>Source Files</Filter>
    </ClCompile>
  </ItemGroup>
  <ItemGroup>
    <ClInclude Include="Base64.h">
      <Filter>Header Files</Filter>
    </ClInclude>
    <ClInclude Include="Cache.h">
      <Filter>Header Files</Filter>
    </ClInclude>
    <ClInclude Include="Cookie.h">
      <Filter>Header Files</Filter>
    </ClInclude>
    <ClInclude Include="CurlList.h">
      <Filter>Header Files</Filter>
    </ClInclude>
    <ClInclude Include="CurlWrapper.h">
      <Filter>Header Files</Filter>
    </ClInclude>
    <ClInclude Include="CustomRequestAttributes.h">
      <Filter>Header Files</Filter>
    </ClInclude>
    <ClInclude Include="Event.h">
      <Filter>Header Files</Filter>
    </ClInclude>
    <ClInclude Include="Exceptions.h">
      <Filter>Header Files</Filter>
    </ClInclude>
    <ClInclude Include="File.h">
      <Filter>Header Files</Filter>
    </ClInclude>
    <ClInclude Include="FileInfo.h">
      <Filter>Header Files</Filter>
    </ClInclude>
    <ClInclude Include="GatewayRequest.h">
      <Filter>Header Files</Filter>
    </ClInclude>
    <ClInclude Include="GatewayResponse.h">
      <Filter>Header Files</Filter>
    </ClInclude>
    <ClInclude Include="IdfcFilter.h">
      <Filter>Header Files</Filter>
    </ClInclude>
    <ClInclude Include="IdfcFiltersPool.h">
      <Filter>Header Files</Filter>
    </ClInclude>
    <ClInclude Include="IgnorePattern.h">
      <Filter>Header Files</Filter>
    </ClInclude>
    <ClInclude Include="JavaUtils.h">
      <Filter>Header Files</Filter>
    </ClInclude>
    <ClInclude Include="QueryString.h">
      <Filter>Header Files</Filter>
    </ClInclude>
    <ClInclude Include="RandomSequence.h">
      <Filter>Header Files</Filter>
    </ClInclude>
    <ClInclude Include="RequestHeadersWrapper.h">
      <Filter>Header Files</Filter>
    </ClInclude>
    <ClInclude Include="RequestParameters.h">
      <Filter>Header Files</Filter>
    </ClInclude>
    <ClInclude Include="StringBuilder.h">
      <Filter>Header Files</Filter>
    </ClInclude>
    <ClInclude Include="StringProcessor.h">
      <Filter>Header Files</Filter>
    </ClInclude>
    <ClInclude Include="TypesConverter.h">
      <Filter>Header Files</Filter>
    </ClInclude>
    <ClInclude Include="cryptography\Cryptor.h">
      <Filter>Header Files</Filter>
    </ClInclude>
    <ClInclude Include="cryptography\HMAC_SHA1.h">
      <Filter>Header Files</Filter>
    </ClInclude>
    <ClInclude Include="cryptography\SHA1.h">
      <Filter>Header Files</Filter>
    </ClInclude>
    <ClInclude Include="Logger.h">
      <Filter>Header Files</Filter>
    </ClInclude>
    <ClInclude Include="NetworkInfo.h">
      <Filter>Header Files</Filter>
    </ClInclude>
    <ClInclude Include="PlatformInfo.h">
      <Filter>Header Files</Filter>
    </ClInclude>
  </ItemGroup>
  <ItemGroup>
    <None Include="SConstruct" />
    <None Include="Makefile" />
  </ItemGroup>
</Project>